
Microsoft Visual Studio Solution File, Format Version 10.00
# Visual Studio 2008
Project("{8BC9CEB8-8B4A-11D0-8D11-00A0C91BC942}") = "Handout_2_2GUI_Mess", "Handout_2_2GUI_Mess.vcproj", "{E56F3C27-D3C5-40AB-ABBB-7E1E2F16E764}"
EndProject
Global
	GlobalSection(SolutionConfigurationPlatforms) = preSolution
		Debug|Win32 = Debug|Win32
		Release|Win32 = Release|Win32
	EndGlobalSection
	GlobalSection(ProjectConfigurationPlatforms) = postSolution
		{E56F3C27-D3C5-40AB-ABBB-7E1E2F16E764}.Debug|Win32.ActiveCfg = Debug|Win32
		{E56F3C27-D3C5-40AB-ABBB-7E1E2F16E764}.Debug|Win32.Build.0 = Debug|Win32
		{E56F3C27-D3C5-40AB-ABBB-7E1E2F16E764}.Release|Win32.ActiveCfg = Release|Win32
		{E56F3C27-D3C5-40AB-ABBB-7E1E2F16E764}.Release|Win32.Build.0 = Release|Win32
	EndGlobalSection
	GlobalSection(SolutionProperties) = preSolution
		HideSolutionNode = FALSE
	EndGlobalSection
EndGlobal
